
Microsoft Visual Studio Solution File, Format Version 12.00
# Visual Studio Version 17
VisualStudioVersion = 17.5.33424.131
MinimumVisualStudioVersion = 10.0.40219.1
Project("{FAE04EC0-301F-11D3-BF4B-00C04F79EFBC}") = "techwave", "techwave\techwave.csproj", "{BFFF873E-00CE-4D57-9206-05D8DA7F0DF4}"
EndProject
Global
	GlobalSection(SolutionConfigurationPlatforms) = preSolution
		Debug|Any CPU = Debug|Any CPU
		Release|Any CPU = Release|Any CPU
	EndGlobalSection
	GlobalSection(ProjectConfigurationPlatforms) = postSolution
		{BFFF873E-00CE-4D57-9206-05D8DA7F0DF4}.Debug|Any CPU.ActiveCfg = Debug|Any CPU
		{BFFF873E-00CE-4D57-9206-05D8DA7F0DF4}.Debug|Any CPU.Build.0 = Debug|Any CPU
		{BFFF873E-00CE-4D57-9206-05D8DA7F0DF4}.Release|Any CPU.ActiveCfg = Release|Any CPU
		{BFFF873E-00CE-4D57-9206-05D8DA7F0DF4}.Release|Any CPU.Build.0 = Release|Any CPU
	EndGlobalSection
	GlobalSection(SolutionProperties) = preSolution
		HideSolutionNode = FALSE
	EndGlobalSection
	GlobalSection(ExtensibilityGlobals) = postSolution
		SolutionGuid = {34384716-B332-494D-BF5A-570861C371D2}
	EndGlobalSection
EndGlobal
